
Microsoft Visual Studio Solution File, Format Version 12.00
# Visual Studio 15
VisualStudioVersion = 15.0.27130.2026
MinimumVisualStudioVersion = 10.0.40219.1
Project("{2150E333-8FDC-42A3-9474-1A3956D46DE8}") = "Core", "Core", "{C11737D5-3130-478C-9D47-553C9912E39D}"
EndProject
Project("{2150E333-8FDC-42A3-9474-1A3956D46DE8}") = "Endpoints", "Endpoints", "{74BB4D2C-D1A7-403D-ACBF-EBC8C4B93D1A}"
EndProject
Project("{FAE04EC0-301F-11D3-BF4B-00C04F79EFBC}") = "JCSystem.Endpoints.Player", "src\Endpoints\JCSystem.Endpoints.Player\JCSystem.Endpoints.Player.csproj", "{C3F1FFDE-9078-4374-9A55-66BD8389A2D3}"
EndProject
Project("{2150E333-8FDC-42A3-9474-1A3956D46DE8}") = "Shared", "Shared", "{45DD4D75-8F00-42C1-AA06-A346B64CD1DE}"
EndProject
Project("{2150E333-8FDC-42A3-9474-1A3956D46DE8}") = "Vlc", "Vlc", "{578B2E96-714D-4FEA-B3E7-C9D0B53911A8}"
EndProject
Project("{9A19103F-16F7-4668-BE54-9A1E7A4F7556}") = "JCSystem.Core.Vlc", "src\Core\Vlc\JCSystem.Core.Vlc\JCSystem.Core.Vlc.csproj", "{5D90A6A0-151D-43F0-BB96-423290AFDBBD}"
EndProject
Project("{9A19103F-16F7-4668-BE54-9A1E7A4F7556}") = "JCSystem.Core.Vlc.Interops", "src\Core\Vlc\JCSystem.Core.Vlc.Interops\JCSystem.Core.Vlc.Interops.csproj", "{165C06B1-5B99-42C2-9D54-76903E523F32}"
EndProject
Global
	GlobalSection(SolutionConfigurationPlatforms) = preSolution
		Debug|Any CPU = Debug|Any CPU
		Release|Any CPU = Release|Any CPU
	EndGlobalSection
	GlobalSection(ProjectConfigurationPlatforms) = postSolution
		{C3F1FFDE-9078-4374-9A55-66BD8389A2D3}.Debug|Any CPU.ActiveCfg = Debug|Any CPU
		{C3F1FFDE-9078-4374-9A55-66BD8389A2D3}.Debug|Any CPU.Build.0 = Debug|Any CPU
		{C3F1FFDE-9078-4374-9A55-66BD8389A2D3}.Release|Any CPU.ActiveCfg = Release|Any CPU
		{C3F1FFDE-9078-4374-9A55-66BD8389A2D3}.Release|Any CPU.Build.0 = Release|Any CPU
		{5D90A6A0-151D-43F0-BB96-423290AFDBBD}.Debug|Any CPU.ActiveCfg = Debug|Any CPU
		{5D90A6A0-151D-43F0-BB96-423290AFDBBD}.Debug|Any CPU.Build.0 = Debug|Any CPU
		{5D90A6A0-151D-43F0-BB96-423290AFDBBD}.Release|Any CPU.ActiveCfg = Release|Any CPU
		{5D90A6A0-151D-43F0-BB96-423290AFDBBD}.Release|Any CPU.Build.0 = Release|Any CPU
		{165C06B1-5B99-42C2-9D54-76903E523F32}.Debug|Any CPU.ActiveCfg = Debug|Any CPU
		{165C06B1-5B99-42C2-9D54-76903E523F32}.Debug|Any CPU.Build.0 = Debug|Any CPU
		{165C06B1-5B99-42C2-9D54-76903E523F32}.Release|Any CPU.ActiveCfg = Release|Any CPU
		{165C06B1-5B99-42C2-9D54-76903E523F32}.Release|Any CPU.Build.0 = Release|Any CPU
	EndGlobalSection
	GlobalSection(SolutionProperties) = preSolution
		HideSolutionNode = FALSE
	EndGlobalSection
	GlobalSection(NestedProjects) = preSolution
		{C3F1FFDE-9078-4374-9A55-66BD8389A2D3} = {74BB4D2C-D1A7-403D-ACBF-EBC8C4B93D1A}
		{578B2E96-714D-4FEA-B3E7-C9D0B53911A8} = {C11737D5-3130-478C-9D47-553C9912E39D}
		{5D90A6A0-151D-43F0-BB96-423290AFDBBD} = {578B2E96-714D-4FEA-B3E7-C9D0B53911A8}
		{165C06B1-5B99-42C2-9D54-76903E523F32} = {578B2E96-714D-4FEA-B3E7-C9D0B53911A8}
	EndGlobalSection
	GlobalSection(ExtensibilityGlobals) = postSolution
		SolutionGuid = {C3E8A8C2-FB04-4E53-99E5-B487E8C167E7}
	EndGlobalSection
EndGlobal
